// !$*UTF8*$!
{
	archiveVersion = 1;
	classes = {
	};
	objectVersion = 70;
	objects = {

/* Begin PBXBuildFile section */
		6C4086122D81BFFF000AA94E /* VSTrimLabel.xib in Resources */ = {isa = PBXBuildFile; fileRef = 6C4086112D81BFFF000AA94E /* VSTrimLabel.xib */; };
		6C4086142D81C005000AA94E /* VSTrimLabel.swift in Sources */ = {isa = PBXBuildFile; fileRef = 6C4086132D81C003000AA94E /* VSTrimLabel.swift */; };
		6C4086172D82CF18000AA94E /* VSTrimTabView.swift in Sources */ = {isa = PBXBuildFile; fileRef = 6C4086162D82CF17000AA94E /* VSTrimTabView.swift */; };
		6C4086192D82CF4E000AA94E /* VSTrimTabView.xib in Resources */ = {isa = PBXBuildFile; fileRef = 6C4086182D82CF4E000AA94E /* VSTrimTabView.xib */; };
		6C5C1A112D3E3B3800E53049 /* vert2.mp4 in Resources */ = {isa = PBXBuildFile; fileRef = 6C5C1A102D3E3B3800E53049 /* vert2.mp4 */; };
		6C5C1A142D3FC32B00E53049 /* VSSliderView.swift in Sources */ = {isa = PBXBuildFile; fileRef = 6C5C1A132D3FC32B00E53049 /* VSSliderView.swift */; };
		6C5C1A162D3FC3E300E53049 /* VSSliderView.xib in Resources */ = {isa = PBXBuildFile; fileRef = 6C5C1A152D3FC3E300E53049 /* VSSliderView.xib */; };
		6C8C1A752D06DB8200773D78 /* VSTrimmerView.swift in Sources */ = {isa = PBXBuildFile; fileRef = 6C8C1A742D06DB7F00773D78 /* VSTrimmerView.swift */; };
		6C8C1A772D06DB8D00773D78 /* VSTrimmerView.xib in Resources */ = {isa = PBXBuildFile; fileRef = 6C8C1A762D06DB8D00773D78 /* VSTrimmerView.xib */; };
		6CEB08E92CA5837200D38D6A /* AppDelegate.swift in Sources */ = {isa = PBXBuildFile; fileRef = 6CEB08E82CA5837200D38D6A /* AppDelegate.swift */; };
		6CEB08EB2CA5837200D38D6A /* SceneDelegate.swift in Sources */ = {isa = PBXBuildFile; fileRef = 6CEB08EA2CA5837200D38D6A /* SceneDelegate.swift */; };
		6CEB08ED2CA5837200D38D6A /* ViewController.swift in Sources */ = {isa = PBXBuildFile; fileRef = 6CEB08EC2CA5837200D38D6A /* ViewController.swift */; };
		6CEB08F02CA5837200D38D6A /* Main.storyboard in Resources */ = {isa = PBXBuildFile; fileRef = 6CEB08EE2CA5837200D38D6A /* Main.storyboard */; };
		6CEB08F22CA5837300D38D6A /* Assets.xcassets in Resources */ = {isa = PBXBuildFile; fileRef = 6CEB08F12CA5837300D38D6A /* Assets.xcassets */; };
		6CEB08F52CA5837300D38D6A /* LaunchScreen.storyboard in Resources */ = {isa = PBXBuildFile; fileRef = 6CEB08F32CA5837300D38D6A /* LaunchScreen.storyboard */; };
		6CEB09042CA586D700D38D6A /* BaseView.swift in Sources */ = {isa = PBXBuildFile; fileRef = 6CEB09032CA586D700D38D6A /* BaseView.swift */; };
		6CEB09062CA5870500D38D6A /* VSVideoThumbnail_CV.swift in Sources */ = {isa = PBXBuildFile; fileRef = 6CEB09052CA5870400D38D6A /* VSVideoThumbnail_CV.swift */; };
		6CEB09092CA5873400D38D6A /* VSVideoThumbnail_CV.xib in Resources */ = {isa = PBXBuildFile; fileRef = 6CEB09082CA5873400D38D6A /* VSVideoThumbnail_CV.xib */; };
		6CEB090C2CA5889800D38D6A /* VS_ImageCell.swift in Sources */ = {isa = PBXBuildFile; fileRef = 6CEB090B2CA5889800D38D6A /* VS_ImageCell.swift */; };
		6CEB090E2CA588C800D38D6A /* VS_ImageCell.xib in Resources */ = {isa = PBXBuildFile; fileRef = 6CEB090D2CA588C800D38D6A /* VS_ImageCell.xib */; };
		6CEB09112CA58C1400D38D6A /* VSVideoScrubber.swift in Sources */ = {isa = PBXBuildFile; fileRef = 6CEB09102CA58C1300D38D6A /* VSVideoScrubber.swift */; };
		6CEB09132CA58C3700D38D6A /* VSVideoScrubber.xib in Resources */ = {isa = PBXBuildFile; fileRef = 6CEB09122CA58C3700D38D6A /* VSVideoScrubber.xib */; };
		6CEB09162CA58DD500D38D6A /* VideoThumbnailExtractor.swift in Sources */ = {isa = PBXBuildFile; fileRef = 6CEB09152CA58DD500D38D6A /* VideoThumbnailExtractor.swift */; };
/* End PBXBuildFile section */

/* Begin PBXContainerItemProxy section */
		6C9F91C42D438F1D008140F8 /* PBXContainerItemProxy */ = {
			isa = PBXContainerItemProxy;
			containerPortal = 6CEB08DD2CA5837200D38D6A /* Project object */;
			proxyType = 1;
			remoteGlobalIDString = 6CEB08E42CA5837200D38D6A;
			remoteInfo = VideoScroller;
		};
/* End PBXContainerItemProxy section */

/* Begin PBXFileReference section */
		6C4086112D81BFFF000AA94E /* VSTrimLabel.xib */ = {isa = PBXFileReference; lastKnownFileType = file.xib; path = VSTrimLabel.xib; sourceTree = "<group>"; };
		6C4086132D81C003000AA94E /* VSTrimLabel.swift */ = {isa = PBXFileReference; lastKnownFileType = sourcecode.swift; path = VSTrimLabel.swift; sourceTree = "<group>"; };
		6C4086162D82CF17000AA94E /* VSTrimTabView.swift */ = {isa = PBXFileReference; lastKnownFileType = sourcecode.swift; path = VSTrimTabView.swift; sourceTree = "<group>"; };
		6C4086182D82CF4E000AA94E /* VSTrimTabView.xib */ = {isa = PBXFileReference; lastKnownFileType = file.xib; path = VSTrimTabView.xib; sourceTree = "<group>"; };
		6C5C1A102D3E3B3800E53049 /* vert2.mp4 */ = {isa = PBXFileReference; lastKnownFileType = file; path = vert2.mp4; sourceTree = "<group>"; };
		6C5C1A132D3FC32B00E53049 /* VSSliderView.swift */ = {isa = PBXFileReference; lastKnownFileType = sourcecode.swift; path = VSSliderView.swift; sourceTree = "<group>"; };
		6C5C1A152D3FC3E300E53049 /* VSSliderView.xib */ = {isa = PBXFileReference; lastKnownFileType = file.xib; path = VSSliderView.xib; sourceTree = "<group>"; };
		6C8C1A742D06DB7F00773D78 /* VSTrimmerView.swift */ = {isa = PBXFileReference; lastKnownFileType = sourcecode.swift; path = VSTrimmerView.swift; sourceTree = "<group>"; };
		6C8C1A762D06DB8D00773D78 /* VSTrimmerView.xib */ = {isa = PBXFileReference; lastKnownFileType = file.xib; path = VSTrimmerView.xib; sourceTree = "<group>"; };
		6C9F91C02D438F1D008140F8 /* VideoScrollerTests.xctest */ = {isa = PBXFileReference; explicitFileType = wrapper.cfbundle; includeInIndex = 0; path = VideoScrollerTests.xctest; sourceTree = BUILT_PRODUCTS_DIR; };
		6CEB08E52CA5837200D38D6A /* VideoScroller.app */ = {isa = PBXFileReference; explicitFileType = wrapper.application; includeInIndex = 0; path = VideoScroller.app; sourceTree = BUILT_PRODUCTS_DIR; };
		6CEB08E82CA5837200D38D6A /* AppDelegate.swift */ = {isa = PBXFileReference; lastKnownFileType = sourcecode.swift; path = AppDelegate.swift; sourceTree = "<group>"; };
		6CEB08EA2CA5837200D38D6A /* SceneDelegate.swift */ = {isa = PBXFileReference; lastKnownFileType = sourcecode.swift; path = SceneDelegate.swift; sourceTree = "<group>"; };
		6CEB08EC2CA5837200D38D6A /* ViewController.swift */ = {isa = PBXFileReference; lastKnownFileType = sourcecode.swift; path = ViewController.swift; sourceTree = "<group>"; };
		6CEB08EF2CA5837200D38D6A /* Base */ = {isa = PBXFileReference; lastKnownFileType = file.storyboard; name = Base; path = Base.lproj/Main.storyboard; sourceTree = "<group>"; };
		6CEB08F12CA5837300D38D6A /* Assets.xcassets */ = {isa = PBXFileReference; lastKnownFileType = folder.assetcatalog; path = Assets.xcassets; sourceTree = "<group>"; };
		6CEB08F42CA5837300D38D6A /* Base */ = {isa = PBXFileReference; lastKnownFileType = file.storyboard; name = Base; path = Base.lproj/LaunchScreen.storyboard; sourceTree = "<group>"; };
		6CEB08F62CA5837300D38D6A /* Info.plist */ = {isa = PBXFileReference; lastKnownFileType = text.plist.xml; path = Info.plist; sourceTree = "<group>"; };
		6CEB09032CA586D700D38D6A /* BaseView.swift */ = {isa = PBXFileReference; lastKnownFileType = sourcecode.swift; path = BaseView.swift; sourceTree = "<group>"; };
		6CEB09052CA5870400D38D6A /* VSVideoThumbnail_CV.swift */ = {isa = PBXFileReference; lastKnownFileType = sourcecode.swift; path = VSVideoThumbnail_CV.swift; sourceTree = "<group>"; };
		6CEB09082CA5873400D38D6A /* VSVideoThumbnail_CV.xib */ = {isa = PBXFileReference; lastKnownFileType = file.xib; path = VSVideoThumbnail_CV.xib; sourceTree = "<group>"; };
		6CEB090B2CA5889800D38D6A /* VS_ImageCell.swift */ = {isa = PBXFileReference; lastKnownFileType = sourcecode.swift; path = VS_ImageCell.swift; sourceTree = "<group>"; };
		6CEB090D2CA588C800D38D6A /* VS_ImageCell.xib */ = {isa = PBXFileReference; lastKnownFileType = file.xib; path = VS_ImageCell.xib; sourceTree = "<group>"; };
		6CEB09102CA58C1300D38D6A /* VSVideoScrubber.swift */ = {isa = PBXFileReference; lastKnownFileType = sourcecode.swift; path = VSVideoScrubber.swift; sourceTree = "<group>"; };
		6CEB09122CA58C3700D38D6A /* VSVideoScrubber.xib */ = {isa = PBXFileReference; lastKnownFileType = file.xib; path = VSVideoScrubber.xib; sourceTree = "<group>"; };
		6CEB09152CA58DD500D38D6A /* VideoThumbnailExtractor.swift */ = {isa = PBXFileReference; lastKnownFileType = sourcecode.swift; path = VideoThumbnailExtractor.swift; sourceTree = "<group>"; };
/* End PBXFileReference section */

/* Begin PBXFileSystemSynchronizedRootGroup section */
		6C9F91C12D438F1D008140F8 /* VideoScrollerTests */ = {isa = PBXFileSystemSynchronizedRootGroup; explicitFileTypes = {}; explicitFolders = (); path = VideoScrollerTests; sourceTree = "<group>"; };
/* End PBXFileSystemSynchronizedRootGroup section */

/* Begin PBXFrameworksBuildPhase section */
		6C9F91BD2D438F1D008140F8 /* Frameworks */ = {
			isa = PBXFrameworksBuildPhase;
			buildActionMask = 2147483647;
			files = (
			);
			runOnlyForDeploymentPostprocessing = 0;
		};
		6CEB08E22CA5837200D38D6A /* Frameworks */ = {
			isa = PBXFrameworksBuildPhase;
			buildActionMask = 2147483647;
			files = (
			);
			runOnlyForDeploymentPostprocessing = 0;
		};
/* End PBXFrameworksBuildPhase section */

/* Begin PBXGroup section */
		6C4086102D81BFE7000AA94E /* VSTrimLabel */ = {
			isa = PBXGroup;
			children = (
				6C4086132D81C003000AA94E /* VSTrimLabel.swift */,
				6C4086112D81BFFF000AA94E /* VSTrimLabel.xib */,
			);
			path = VSTrimLabel;
			sourceTree = "<group>";
		};
		6C4086152D82CF07000AA94E /* VSTrimTabView */ = {
			isa = PBXGroup;
			children = (
				6C4086162D82CF17000AA94E /* VSTrimTabView.swift */,
				6C4086182D82CF4E000AA94E /* VSTrimTabView.xib */,
			);
			path = VSTrimTabView;
			sourceTree = "<group>";
		};
		6C5C1A122D3FC31600E53049 /* VSSliderView */ = {
			isa = PBXGroup;
			children = (
				6C5C1A132D3FC32B00E53049 /* VSSliderView.swift */,
				6C5C1A152D3FC3E300E53049 /* VSSliderView.xib */,
			);
			path = VSSliderView;
			sourceTree = "<group>";
		};
		6C8C1A732D06DB6400773D78 /* VSTrimmerView */ = {
			isa = PBXGroup;
			children = (
				6C8C1A742D06DB7F00773D78 /* VSTrimmerView.swift */,
				6C8C1A762D06DB8D00773D78 /* VSTrimmerView.xib */,
			);
			path = VSTrimmerView;
			sourceTree = "<group>";
		};
		6CEB08DC2CA5837200D38D6A = {
			isa = PBXGroup;
			children = (
				6CEB08E72CA5837200D38D6A /* VideoScroller */,
				6C9F91C12D438F1D008140F8 /* VideoScrollerTests */,
				6CEB08E62CA5837200D38D6A /* Products */,
			);
			sourceTree = "<group>";
		};
		6CEB08E62CA5837200D38D6A /* Products */ = {
			isa = PBXGroup;
			children = (
				6CEB08E52CA5837200D38D6A /* VideoScroller.app */,
				6C9F91C02D438F1D008140F8 /* VideoScrollerTests.xctest */,
			);
			name = Products;
			sourceTree = "<group>";
		};
		6CEB08E72CA5837200D38D6A /* VideoScroller */ = {
			isa = PBXGroup;
			children = (
				6CEB09142CA58DBF00D38D6A /* Utils */,
				6CEB09022CA586B900D38D6A /* Views */,
				6CEB08E82CA5837200D38D6A /* AppDelegate.swift */,
				6C5C1A102D3E3B3800E53049 /* vert2.mp4 */,
				6CEB08EA2CA5837200D38D6A /* SceneDelegate.swift */,
				6CEB08EC2CA5837200D38D6A /* ViewController.swift */,
				6CEB08EE2CA5837200D38D6A /* Main.storyboard */,
				6CEB08F12CA5837300D38D6A /* Assets.xcassets */,
				6CEB08F32CA5837300D38D6A /* LaunchScreen.storyboard */,
				6CEB08F62CA5837300D38D6A /* Info.plist */,
			);
			path = VideoScroller;
			sourceTree = "<group>";
		};
		6CEB09022CA586B900D38D6A /* Views */ = {
			isa = PBXGroup;
			children = (
				6C4086152D82CF07000AA94E /* VSTrimTabView */,
				6C4086102D81BFE7000AA94E /* VSTrimLabel */,
				6C5C1A122D3FC31600E53049 /* VSSliderView */,
				6C8C1A732D06DB6400773D78 /* VSTrimmerView */,
				6CEB090F2CA58BE700D38D6A /* VSVideoScrubber */,
				6CEB09072CA5872500D38D6A /* VSVideoThumbnail_CV */,
				6CEB09032CA586D700D38D6A /* BaseView.swift */,
			);
			path = Views;
			sourceTree = "<group>";
		};
		6CEB09072CA5872500D38D6A /* VSVideoThumbnail_CV */ = {
			isa = PBXGroup;
			children = (
				6CEB090A2CA5887D00D38D6A /* ImageCell */,
				6CEB09052CA5870400D38D6A /* VSVideoThumbnail_CV.swift */,
				6CEB09082CA5873400D38D6A /* VSVideoThumbnail_CV.xib */,
			);
			path = VSVideoThumbnail_CV;
			sourceTree = "<group>";
		};
		6CEB090A2CA5887D00D38D6A /* ImageCell */ = {
			isa = PBXGroup;
			children = (
				6CEB090B2CA5889800D38D6A /* VS_ImageCell.swift */,
				6CEB090D2CA588C800D38D6A /* VS_ImageCell.xib */,
			);
			path = ImageCell;
			sourceTree = "<group>";
		};
		6CEB090F2CA58BE700D38D6A /* VSVideoScrubber */ = {
			isa = PBXGroup;
			children = (
				6CEB09102CA58C1300D38D6A /* VSVideoScrubber.swift */,
				6CEB09122CA58C3700D38D6A /* VSVideoScrubber.xib */,
			);
			path = VSVideoScrubber;
			sourceTree = "<group>";
		};
		6CEB09142CA58DBF00D38D6A /* Utils */ = {
			isa = PBXGroup;
			children = (
				6CEB09152CA58DD500D38D6A /* VideoThumbnailExtractor.swift */,
			);
			path = Utils;
			sourceTree = "<group>";
		};
/* End PBXGroup section */

/* Begin PBXNativeTarget section */
		6C9F91BF2D438F1D008140F8 /* VideoScrollerTests */ = {
			isa = PBXNativeTarget;
			buildConfigurationList = 6C9F91C82D438F1D008140F8 /* Build configuration list for PBXNativeTarget "VideoScrollerTests" */;
			buildPhases = (
				6C9F91BC2D438F1D008140F8 /* Sources */,
				6C9F91BD2D438F1D008140F8 /* Frameworks */,
				6C9F91BE2D438F1D008140F8 /* Resources */,
			);
			buildRules = (
			);
			dependencies = (
				6C9F91C52D438F1D008140F8 /* PBXTargetDependency */,
			);
			fileSystemSynchronizedGroups = (
				6C9F91C12D438F1D008140F8 /* VideoScrollerTests */,
			);
			name = VideoScrollerTests;
			packageProductDependencies = (
			);
			productName = VideoScrollerTests;
			productReference = 6C9F91C02D438F1D008140F8 /* VideoScrollerTests.xctest */;
			productType = "com.apple.product-type.bundle.unit-test";
		};
		6CEB08E42CA5837200D38D6A /* VideoScroller */ = {
			isa = PBXNativeTarget;
			buildConfigurationList = 6CEB08F92CA5837300D38D6A /* Build configuration list for PBXNativeTarget "VideoScroller" */;
			buildPhases = (
				6CEB08E12CA5837200D38D6A /* Sources */,
				6CEB08E22CA5837200D38D6A /* Frameworks */,
				6CEB08E32CA5837200D38D6A /* Resources */,
			);
			buildRules = (
			);
			dependencies = (
			);
			name = VideoScroller;
			productName = VideoScroller;
			productReference = 6CEB08E52CA5837200D38D6A /* VideoScroller.app */;
			productType = "com.apple.product-type.application";
		};
/* End PBXNativeTarget section */

/* Begin PBXProject section */
		6CEB08DD2CA5837200D38D6A /* Project object */ = {
			isa = PBXProject;
			attributes = {
				BuildIndependentTargetsInParallel = 1;
				LastSwiftUpdateCheck = 1600;
				LastUpgradeCheck = 1500;
				TargetAttributes = {
					6C9F91BF2D438F1D008140F8 = {
						CreatedOnToolsVersion = 16.0;
						TestTargetID = 6CEB08E42CA5837200D38D6A;
					};
					6CEB08E42CA5837200D38D6A = {
						CreatedOnToolsVersion = 15.0;
					};
				};
			};
			buildConfigurationList = 6CEB08E02CA5837200D38D6A /* Build configuration list for PBXProject "VideoScroller" */;
			compatibilityVersion = "Xcode 14.0";
			developmentRegion = en;
			hasScannedForEncodings = 0;
			knownRegions = (
				en,
				Base,
			);
			mainGroup = 6CEB08DC2CA5837200D38D6A;
			productRefGroup = 6CEB08E62CA5837200D38D6A /* Products */;
			projectDirPath = "";
			projectRoot = "";
			targets = (
				6CEB08E42CA5837200D38D6A /* VideoScroller */,
				6C9F91BF2D438F1D008140F8 /* VideoScrollerTests */,
			);
		};
/* End PBXProject section */

/* Begin PBXResourcesBuildPhase section */
		6C9F91BE2D438F1D008140F8 /* Resources */ = {
			isa = PBXResourcesBuildPhase;
			buildActionMask = 2147483647;
			files = (
			);
			runOnlyForDeploymentPostprocessing = 0;
		};
		6CEB08E32CA5837200D38D6A /* Resources */ = {
			isa = PBXResourcesBuildPhase;
			buildActionMask = 2147483647;
			files = (
				6CEB08F52CA5837300D38D6A /* LaunchScreen.storyboard in Resources */,
				6C4086122D81BFFF000AA94E /* VSTrimLabel.xib in Resources */,
				6CEB090E2CA588C800D38D6A /* VS_ImageCell.xib in Resources */,
				6C5C1A162D3FC3E300E53049 /* VSSliderView.xib in Resources */,
				6C4086192D82CF4E000AA94E /* VSTrimTabView.xib in Resources */,
				6C8C1A772D06DB8D00773D78 /* VSTrimmerView.xib in Resources */,
				6CEB09132CA58C3700D38D6A /* VSVideoScrubber.xib in Resources */,
				6CEB09092CA5873400D38D6A /* VSVideoThumbnail_CV.xib in Resources */,
				6C5C1A112D3E3B3800E53049 /* vert2.mp4 in Resources */,
				6CEB08F22CA5837300D38D6A /* Assets.xcassets in Resources */,
				6CEB08F02CA5837200D38D6A /* Main.storyboard in Resources */,
			);
			runOnlyForDeploymentPostprocessing = 0;
		};
/* End PBXResourcesBuildPhase section */

/* Begin PBXSourcesBuildPhase section */
		6C9F91BC2D438F1D008140F8 /* Sources */ = {
			isa = PBXSourcesBuildPhase;
			buildActionMask = 2147483647;
			files = (
			);
			runOnlyForDeploymentPostprocessing = 0;
		};
		6CEB08E12CA5837200D38D6A /* Sources */ = {
			isa = PBXSourcesBuildPhase;
			buildActionMask = 2147483647;
			files = (
				6CEB08ED2CA5837200D38D6A /* ViewController.swift in Sources */,
				6C4086172D82CF18000AA94E /* VSTrimTabView.swift in Sources */,
				6CEB08E92CA5837200D38D6A /* AppDelegate.swift in Sources */,
				6CEB08EB2CA5837200D38D6A /* SceneDelegate.swift in Sources */,
				6C8C1A752D06DB8200773D78 /* VSTrimmerView.swift in Sources */,
				6C4086142D81C005000AA94E /* VSTrimLabel.swift in Sources */,
				6C5C1A142D3FC32B00E53049 /* VSSliderView.swift in Sources */,
				6CEB09112CA58C1400D38D6A /* VSVideoScrubber.swift in Sources */,
				6CEB09062CA5870500D38D6A /* VSVideoThumbnail_CV.swift in Sources */,
				6CEB090C2CA5889800D38D6A /* VS_ImageCell.swift in Sources */,
				6CEB09042CA586D700D38D6A /* BaseView.swift in Sources */,
				6CEB09162CA58DD500D38D6A /* VideoThumbnailExtractor.swift in Sources */,
			);
			runOnlyForDeploymentPostprocessing = 0;
		};
/* End PBXSourcesBuildPhase section */

/* Begin PBXTargetDependency section */
		6C9F91C52D438F1D008140F8 /* PBXTargetDependency */ = {
			isa = PBXTargetDependency;
			target = 6CEB08E42CA5837200D38D6A /* VideoScroller */;
			targetProxy = 6C9F91C42D438F1D008140F8 /* PBXContainerItemProxy */;
		};
/* End PBXTargetDependency section */

/* Begin PBXVariantGroup section */
		6CEB08EE2CA5837200D38D6A /* Main.storyboard */ = {
			isa = PBXVariantGroup;
			children = (
				6CEB08EF2CA5837200D38D6A /* Base */,
			);
			name = Main.storyboard;
			sourceTree = "<group>";
		};
		6CEB08F32CA5837300D38D6A /* LaunchScreen.storyboard */ = {
			isa = PBXVariantGroup;
			children = (
				6CEB08F42CA5837300D38D6A /* Base */,
			);
			name = LaunchScreen.storyboard;
			sourceTree = "<group>";
		};
/* End PBXVariantGroup section */

/* Begin XCBuildConfiguration section */
		6C9F91C62D438F1D008140F8 /* Debug */ = {
			isa = XCBuildConfiguration;
			buildSettings = {
				BUNDLE_LOADER = "$(TEST_HOST)";
				CODE_SIGN_STYLE = Automatic;
				CURRENT_PROJECT_VERSION = 1;
				DEVELOPMENT_TEAM = 6889AC8ZF3;
				GENERATE_INFOPLIST_FILE = YES;
				IPHONEOS_DEPLOYMENT_TARGET = 18.0;
				MARKETING_VERSION = 1.0;
				PRODUCT_BUNDLE_IDENTIFIER = com.vsvt.VideoScrollerTests;
				PRODUCT_NAME = "$(TARGET_NAME)";
				SWIFT_EMIT_LOC_STRINGS = NO;
				SWIFT_VERSION = 5.0;
				TARGETED_DEVICE_FAMILY = "1,2";
				TEST_HOST = "$(BUILT_PRODUCTS_DIR)/VideoScroller.app/$(BUNDLE_EXECUTABLE_FOLDER_PATH)/VideoScroller";
			};
			name = Debug;
		};
		6C9F91C72D438F1D008140F8 /* Release */ = {
			isa = XCBuildConfiguration;
			buildSettings = {
				BUNDLE_LOADER = "$(TEST_HOST)";
				CODE_SIGN_STYLE = Automatic;
				CURRENT_PROJECT_VERSION = 1;
				DEVELOPMENT_TEAM = 6889AC8ZF3;
				GENERATE_INFOPLIST_FILE = YES;
				IPHONEOS_DEPLOYMENT_TARGET = 18.0;
				MARKETING_VERSION = 1.0;
				PRODUCT_BUNDLE_IDENTIFIER = com.vsvt.VideoScrollerTests;
				PRODUCT_NAME = "$(TARGET_NAME)";
				SWIFT_EMIT_LOC_STRINGS = NO;
				SWIFT_VERSION = 5.0;
				TARGETED_DEVICE_FAMILY = "1,2";
				TEST_HOST = "$(BUILT_PRODUCTS_DIR)/VideoScroller.app/$(BUNDLE_EXECUTABLE_FOLDER_PATH)/VideoScroller";
			};
			name = Release;
		};
		6CEB08F72CA5837300D38D6A /* Debug */ = {
			isa = XCBuildConfiguration;
			buildSettings = {
				ALWAYS_SEARCH_USER_PATHS = NO;
				ASSETCATALOG_COMPILER_GENERATE_SWIFT_ASSET_SYMBOL_EXTENSIONS = YES;
				CLANG_ANALYZER_NONNULL = YES;
				CLANG_ANALYZER_NUMBER_OBJECT_CONVERSION = YES_AGGRESSIVE;
				CLANG_CXX_LANGUAGE_STANDARD = "gnu++20";
				CLANG_ENABLE_MODULES = YES;
				CLANG_ENABLE_OBJC_ARC = YES;
				CLANG_ENABLE_OBJC_WEAK = YES;
				CLANG_WARN_BLOCK_CAPTURE_AUTORELEASING = YES;
				CLANG_WARN_BOOL_CONVERSION = YES;
				CLANG_WARN_COMMA = YES;
				CLANG_WARN_CONSTANT_CONVERSION = YES;
				CLANG_WARN_DEPRECATED_OBJC_IMPLEMENTATIONS = YES;
				CLANG_WARN_DIRECT_OBJC_ISA_USAGE = YES_ERROR;
				CLANG_WARN_DOCUMENTATION_COMMENTS = YES;
				CLANG_WARN_EMPTY_BODY = YES;
				CLANG_WARN_ENUM_CONVERSION = YES;
				CLANG_WARN_INFINITE_RECURSION = YES;
				CLANG_WARN_INT_CONVERSION = YES;
				CLANG_WARN_NON_LITERAL_NULL_CONVERSION = YES;
				CLANG_WARN_OBJC_IMPLICIT_RETAIN_SELF = YES;
				CLANG_WARN_OBJC_LITERAL_CONVERSION = YES;
				CLANG_WARN_OBJC_ROOT_CLASS = YES_ERROR;
				CLANG_WARN_QUOTED_INCLUDE_IN_FRAMEWORK_HEADER = YES;
				CLANG_WARN_RANGE_LOOP_ANALYSIS = YES;
				CLANG_WARN_STRICT_PROTOTYPES = YES;
				CLANG_WARN_SUSPICIOUS_MOVE = YES;
				CLANG_WARN_UNGUARDED_AVAILABILITY = YES_AGGRESSIVE;
				CLANG_WARN_UNREACHABLE_CODE = YES;
				CLANG_WARN__DUPLICATE_METHOD_MATCH = YES;
				COPY_PHASE_STRIP = NO;
				DEBUG_INFORMATION_FORMAT = dwarf;
				ENABLE_STRICT_OBJC_MSGSEND = YES;
				ENABLE_TESTABILITY = YES;
				ENABLE_USER_SCRIPT_SANDBOXING = YES;
				GCC_C_LANGUAGE_STANDARD = gnu17;
				GCC_DYNAMIC_NO_PIC = NO;
				GCC_NO_COMMON_BLOCKS = YES;
				GCC_OPTIMIZATION_LEVEL = 0;
				GCC_PREPROCESSOR_DEFINITIONS = (
					"DEBUG=1",
					"$(inherited)",
				);
				GCC_WARN_64_TO_32_BIT_CONVERSION = YES;
				GCC_WARN_ABOUT_RETURN_TYPE = YES_ERROR;
				GCC_WARN_UNDECLARED_SELECTOR = YES;
				GCC_WARN_UNINITIALIZED_AUTOS = YES_AGGRESSIVE;
				GCC_WARN_UNUSED_FUNCTION = YES;
				GCC_WARN_UNUSED_VARIABLE = YES;
				IPHONEOS_DEPLOYMENT_TARGET = 17.0;
				LOCALIZATION_PREFERS_STRING_CATALOGS = YES;
				MTL_ENABLE_DEBUG_INFO = INCLUDE_SOURCE;
				MTL_FAST_MATH = YES;
				ONLY_ACTIVE_ARCH = YES;
				SDKROOT = iphoneos;
				SWIFT_ACTIVE_COMPILATION_CONDITIONS = "DEBUG $(inherited)";
				SWIFT_OPTIMIZATION_LEVEL = "-Onone";
			};
			name = Debug;
		};
		6CEB08F82CA5837300D38D6A /* Release */ = {
			isa = XCBuildConfiguration;
			buildSettings = {
				ALWAYS_SEARCH_USER_PATHS = NO;
				ASSETCATALOG_COMPILER_GENERATE_SWIFT_ASSET_SYMBOL_EXTENSIONS = YES;
				CLANG_ANALYZER_NONNULL = YES;
				CLANG_ANALYZER_NUMBER_OBJECT_CONVERSION = YES_AGGRESSIVE;
				CLANG_CXX_LANGUAGE_STANDARD = "gnu++20";
				CLANG_ENABLE_MODULES = YES;
				CLANG_ENABLE_OBJC_ARC = YES;
				CLANG_ENABLE_OBJC_WEAK = YES;
				CLANG_WARN_BLOCK_CAPTURE_AUTORELEASING = YES;
				CLANG_WARN_BOOL_CONVERSION = YES;
				CLANG_WARN_COMMA = YES;
				CLANG_WARN_CONSTANT_CONVERSION = YES;
				CLANG_WARN_DEPRECATED_OBJC_IMPLEMENTATIONS = YES;
				CLANG_WARN_DIRECT_OBJC_ISA_USAGE = YES_ERROR;
				CLANG_WARN_DOCUMENTATION_COMMENTS = YES;
				CLANG_WARN_EMPTY_BODY = YES;
				CLANG_WARN_ENUM_CONVERSION = YES;
				CLANG_WARN_INFINITE_RECURSION = YES;
				CLANG_WARN_INT_CONVERSION = YES;
				CLANG_WARN_NON_LITERAL_NULL_CONVERSION = YES;
				CLANG_WARN_OBJC_IMPLICIT_RETAIN_SELF = YES;
				CLANG_WARN_OBJC_LITERAL_CONVERSION = YES;
				CLANG_WARN_OBJC_ROOT_CLASS = YES_ERROR;
				CLANG_WARN_QUOTED_INCLUDE_IN_FRAMEWORK_HEADER = YES;
				CLANG_WARN_RANGE_LOOP_ANALYSIS = YES;
				CLANG_WARN_STRICT_PROTOTYPES = YES;
				CLANG_WARN_SUSPICIOUS_MOVE = YES;
				CLANG_WARN_UNGUARDED_AVAILABILITY = YES_AGGRESSIVE;
				CLANG_WARN_UNREACHABLE_CODE = YES;
				CLANG_WARN__DUPLICATE_METHOD_MATCH = YES;
				COPY_PHASE_STRIP = NO;
				DEBUG_INFORMATION_FORMAT = "dwarf-with-dsym";
				ENABLE_NS_ASSERTIONS = NO;
				ENABLE_STRICT_OBJC_MSGSEND = YES;
				ENABLE_USER_SCRIPT_SANDBOXING = YES;
				GCC_C_LANGUAGE_STANDARD = gnu17;
				GCC_NO_COMMON_BLOCKS = YES;
				GCC_WARN_64_TO_32_BIT_CONVERSION = YES;
				GCC_WARN_ABOUT_RETURN_TYPE = YES_ERROR;
				GCC_WARN_UNDECLARED_SELECTOR = YES;
				GCC_WARN_UNINITIALIZED_AUTOS = YES_AGGRESSIVE;
				GCC_WARN_UNUSED_FUNCTION = YES;
				GCC_WARN_UNUSED_VARIABLE = YES;
				IPHONEOS_DEPLOYMENT_TARGET = 17.0;
				LOCALIZATION_PREFERS_STRING_CATALOGS = YES;
				MTL_ENABLE_DEBUG_INFO = NO;
				MTL_FAST_MATH = YES;
				SDKROOT = iphoneos;
				SWIFT_COMPILATION_MODE = wholemodule;
				VALIDATE_PRODUCT = YES;
			};
			name = Release;
		};
		6CEB08FA2CA5837300D38D6A /* Debug */ = {
			isa = XCBuildConfiguration;
			buildSettings = {
				ASSETCATALOG_COMPILER_APPICON_NAME = AppIcon;
				ASSETCATALOG_COMPILER_GLOBAL_ACCENT_COLOR_NAME = AccentColor;
				CODE_SIGN_STYLE = Automatic;
				CURRENT_PROJECT_VERSION = 1;
				DEVELOPMENT_TEAM = SYCHQP9H23;
				GENERATE_INFOPLIST_FILE = YES;
				INFOPLIST_FILE = VideoScroller/Info.plist;
				INFOPLIST_KEY_UIApplicationSupportsIndirectInputEvents = YES;
				INFOPLIST_KEY_UILaunchStoryboardName = LaunchScreen;
				INFOPLIST_KEY_UIMainStoryboardFile = Main;
				INFOPLIST_KEY_UISupportedInterfaceOrientations_iPad = "UIInterfaceOrientationPortrait UIInterfaceOrientationPortraitUpsideDown UIInterfaceOrientationLandscapeLeft UIInterfaceOrientationLandscapeRight";
				INFOPLIST_KEY_UISupportedInterfaceOrientations_iPhone = "UIInterfaceOrientationPortrait UIInterfaceOrientationLandscapeLeft UIInterfaceOrientationLandscapeRight";
				IPHONEOS_DEPLOYMENT_TARGET = 15.6;
				LD_RUNPATH_SEARCH_PATHS = (
					"$(inherited)",
					"@executable_path/Frameworks",
				);
				MARKETING_VERSION = 1.0;
				PRODUCT_BUNDLE_IDENTIFIER = com.st.sdk.SampleApp;
				PRODUCT_NAME = "$(TARGET_NAME)";
				SWIFT_EMIT_LOC_STRINGS = YES;
				SWIFT_VERSION = 5.0;
				TARGETED_DEVICE_FAMILY = "1,2";
			};
			name = Debug;
		};
		6CEB08FB2CA5837300D38D6A /* Release */ = {
			isa = XCBuildConfiguration;
			buildSettings = {
				ASSETCATALOG_COMPILER_APPICON_NAME = AppIcon;
				ASSETCATALOG_COMPILER_GLOBAL_ACCENT_COLOR_NAME = AccentColor;
				CODE_SIGN_STYLE = Automatic;
				CURRENT_PROJECT_VERSION = 1;
				DEVELOPMENT_TEAM = SYCHQP9H23;
				GENERATE_INFOPLIST_FILE = YES;
				INFOPLIST_FILE = VideoScroller/Info.plist;
				INFOPLIST_KEY_UIApplicationSupportsIndirectInputEvents = YES;
				INFOPLIST_KEY_UILaunchStoryboardName = LaunchScreen;
				INFOPLIST_KEY_UIMainStoryboardFile = Main;
				INFOPLIST_KEY_UISupportedInterfaceOrientations_iPad = "UIInterfaceOrientationPortrait UIInterfaceOrientationPortraitUpsideDown UIInterfaceOrientationLandscapeLeft UIInterfaceOrientationLandscapeRight";
				INFOPLIST_KEY_UISupportedInterfaceOrientations_iPhone = "UIInterfaceOrientationPortrait UIInterfaceOrientationLandscapeLeft UIInterfaceOrientationLandscapeRight";
				IPHONEOS_DEPLOYMENT_TARGET = 15.6;
				LD_RUNPATH_SEARCH_PATHS = (
					"$(inherited)",
					"@executable_path/Frameworks",
				);
				MARKETING_VERSION = 1.0;
				PRODUCT_BUNDLE_IDENTIFIER = com.st.sdk.SampleApp;
				PRODUCT_NAME = "$(TARGET_NAME)";
				SWIFT_EMIT_LOC_STRINGS = YES;
				SWIFT_VERSION = 5.0;
				TARGETED_DEVICE_FAMILY = "1,2";
			};
			name = Release;
		};
/* End XCBuildConfiguration section */

/* Begin XCConfigurationList section */
		6C9F91C82D438F1D008140F8 /* Build configuration list for PBXNativeTarget "VideoScrollerTests" */ = {
			isa = XCConfigurationList;
			buildConfigurations = (
				6C9F91C62D438F1D008140F8 /* Debug */,
				6C9F91C72D438F1D008140F8 /* Release */,
			);
			defaultConfigurationIsVisible = 0;
			defaultConfigurationName = Release;
		};
		6CEB08E02CA5837200D38D6A /* Build configuration list for PBXProject "VideoScroller" */ = {
			isa = XCConfigurationList;
			buildConfigurations = (
				6CEB08F72CA5837300D38D6A /* Debug */,
				6CEB08F82CA5837300D38D6A /* Release */,
			);
			defaultConfigurationIsVisible = 0;
			defaultConfigurationName = Release;
		};
		6CEB08F92CA5837300D38D6A /* Build configuration list for PBXNativeTarget "VideoScroller" */ = {
			isa = XCConfigurationList;
			buildConfigurations = (
				6CEB08FA2CA5837300D38D6A /* Debug */,
				6CEB08FB2CA5837300D38D6A /* Release */,
			);
			defaultConfigurationIsVisible = 0;
			defaultConfigurationName = Release;
		};
/* End XCConfigurationList section */
	};
	rootObject = 6CEB08DD2CA5837200D38D6A /* Project object */;
}
