// !$*UTF8*$!
{
	archiveVersion = 1;
	classes = {
	};
	objectVersion = 70;
	objects = {

/* Begin PBXBuildFile section */
		6C40862A2D8816BE000AA94E /* VideoScrubber.framework in Frameworks */ = {isa = PBXBuildFile; fileRef = 6C4086242D8816BE000AA94E /* VideoScrubber.framework */; };
		6C40862B2D8816BE000AA94E /* VideoScrubber.framework in Embed Frameworks */ = {isa = PBXBuildFile; fileRef = 6C4086242D8816BE000AA94E /* VideoScrubber.framework */; settings = {ATTRIBUTES = (CodeSignOnCopy, RemoveHeadersOnCopy, ); }; };
		6C4086A72D958BA6000AA94E /* VideoScrubber.framework in Frameworks */ = {isa = PBXBuildFile; fileRef = 6C4086242D8816BE000AA94E /* VideoScrubber.framework */; };
		6C4086A82D958BA6000AA94E /* VideoScrubber.framework in Embed Frameworks */ = {isa = PBXBuildFile; fileRef = 6C4086242D8816BE000AA94E /* VideoScrubber.framework */; settings = {ATTRIBUTES = (CodeSignOnCopy, RemoveHeadersOnCopy, ); }; };
		6C4086AE2D9AC72E000AA94E /* Readme.md in Resources */ = {isa = PBXBuildFile; fileRef = 6C4086AD2D9AC724000AA94E /* Readme.md */; };
		6C4086B02D9AE5DA000AA94E /* SeekMode.png in Resources */ = {isa = PBXBuildFile; fileRef = 6C4086AF2D9AE5DA000AA94E /* SeekMode.png */; };
		6C4086B22D9AE5E1000AA94E /* TrimMode.png in Resources */ = {isa = PBXBuildFile; fileRef = 6C4086B12D9AE5E1000AA94E /* TrimMode.png */; };
		6C4086B62D9AE76A000AA94E /* parts.png in Resources */ = {isa = PBXBuildFile; fileRef = 6C4086B52D9AE76A000AA94E /* parts.png */; };
		6C5C1A112D3E3B3800E53049 /* vert2.mp4 in Resources */ = {isa = PBXBuildFile; fileRef = 6C5C1A102D3E3B3800E53049 /* vert2.mp4 */; };
		6CEB08E92CA5837200D38D6A /* AppDelegate.swift in Sources */ = {isa = PBXBuildFile; fileRef = 6CEB08E82CA5837200D38D6A /* AppDelegate.swift */; };
		6CEB08EB2CA5837200D38D6A /* SceneDelegate.swift in Sources */ = {isa = PBXBuildFile; fileRef = 6CEB08EA2CA5837200D38D6A /* SceneDelegate.swift */; };
		6CEB08ED2CA5837200D38D6A /* ViewController.swift in Sources */ = {isa = PBXBuildFile; fileRef = 6CEB08EC2CA5837200D38D6A /* ViewController.swift */; };
		6CEB08F02CA5837200D38D6A /* Main.storyboard in Resources */ = {isa = PBXBuildFile; fileRef = 6CEB08EE2CA5837200D38D6A /* Main.storyboard */; };
		6CEB08F22CA5837300D38D6A /* Assets.xcassets in Resources */ = {isa = PBXBuildFile; fileRef = 6CEB08F12CA5837300D38D6A /* Assets.xcassets */; };
		6CEB08F52CA5837300D38D6A /* LaunchScreen.storyboard in Resources */ = {isa = PBXBuildFile; fileRef = 6CEB08F32CA5837300D38D6A /* LaunchScreen.storyboard */; };
/* End PBXBuildFile section */

/* Begin PBXContainerItemProxy section */
		6C4086282D8816BE000AA94E /* PBXContainerItemProxy */ = {
			isa = PBXContainerItemProxy;
			containerPortal = 6CEB08DD2CA5837200D38D6A /* Project object */;
			proxyType = 1;
			remoteGlobalIDString = 6C4086232D8816BE000AA94E;
			remoteInfo = VideoScrubber;
		};
		6C4086A92D958BA6000AA94E /* PBXContainerItemProxy */ = {
			isa = PBXContainerItemProxy;
			containerPortal = 6CEB08DD2CA5837200D38D6A /* Project object */;
			proxyType = 1;
			remoteGlobalIDString = 6C4086232D8816BE000AA94E;
			remoteInfo = VideoScrubber;
		};
		6C9F91C42D438F1D008140F8 /* PBXContainerItemProxy */ = {
			isa = PBXContainerItemProxy;
			containerPortal = 6CEB08DD2CA5837200D38D6A /* Project object */;
			proxyType = 1;
			remoteGlobalIDString = 6CEB08E42CA5837200D38D6A;
			remoteInfo = VideoScroller;
		};
/* End PBXContainerItemProxy section */

/* Begin PBXCopyFilesBuildPhase section */
		6C4086302D8816BE000AA94E /* Embed Frameworks */ = {
			isa = PBXCopyFilesBuildPhase;
			buildActionMask = 2147483647;
			dstPath = "";
			dstSubfolderSpec = 10;
			files = (
				6C40862B2D8816BE000AA94E /* VideoScrubber.framework in Embed Frameworks */,
			);
			name = "Embed Frameworks";
			runOnlyForDeploymentPostprocessing = 0;
		};
		6C4086AB2D958BA6000AA94E /* Embed Frameworks */ = {
			isa = PBXCopyFilesBuildPhase;
			buildActionMask = 2147483647;
			dstPath = "";
			dstSubfolderSpec = 10;
			files = (
				6C4086A82D958BA6000AA94E /* VideoScrubber.framework in Embed Frameworks */,
			);
			name = "Embed Frameworks";
			runOnlyForDeploymentPostprocessing = 0;
		};
/* End PBXCopyFilesBuildPhase section */

/* Begin PBXFileReference section */
		6C4086242D8816BE000AA94E /* VideoScrubber.framework */ = {isa = PBXFileReference; explicitFileType = wrapper.framework; includeInIndex = 0; path = VideoScrubber.framework; sourceTree = BUILT_PRODUCTS_DIR; };
		6C4086AD2D9AC724000AA94E /* Readme.md */ = {isa = PBXFileReference; lastKnownFileType = net.daringfireball.markdown; path = Readme.md; sourceTree = "<group>"; };
		6C4086AF2D9AE5DA000AA94E /* SeekMode.png */ = {isa = PBXFileReference; lastKnownFileType = image.png; path = SeekMode.png; sourceTree = "<group>"; };
		6C4086B12D9AE5E1000AA94E /* TrimMode.png */ = {isa = PBXFileReference; lastKnownFileType = image.png; path = TrimMode.png; sourceTree = "<group>"; };
		6C4086B52D9AE76A000AA94E /* parts.png */ = {isa = PBXFileReference; lastKnownFileType = image.png; path = parts.png; sourceTree = "<group>"; };
		6C5C1A102D3E3B3800E53049 /* vert2.mp4 */ = {isa = PBXFileReference; lastKnownFileType = file; path = vert2.mp4; sourceTree = "<group>"; };
		6C9F91C02D438F1D008140F8 /* VideoScrollerTests.xctest */ = {isa = PBXFileReference; explicitFileType = wrapper.cfbundle; includeInIndex = 0; path = VideoScrollerTests.xctest; sourceTree = BUILT_PRODUCTS_DIR; };
		6CEB08E52CA5837200D38D6A /* VideoScroller.app */ = {isa = PBXFileReference; explicitFileType = wrapper.application; includeInIndex = 0; path = VideoScroller.app; sourceTree = BUILT_PRODUCTS_DIR; };
		6CEB08E82CA5837200D38D6A /* AppDelegate.swift */ = {isa = PBXFileReference; lastKnownFileType = sourcecode.swift; path = AppDelegate.swift; sourceTree = "<group>"; };
		6CEB08EA2CA5837200D38D6A /* SceneDelegate.swift */ = {isa = PBXFileReference; lastKnownFileType = sourcecode.swift; path = SceneDelegate.swift; sourceTree = "<group>"; };
		6CEB08EC2CA5837200D38D6A /* ViewController.swift */ = {isa = PBXFileReference; lastKnownFileType = sourcecode.swift; path = ViewController.swift; sourceTree = "<group>"; };
		6CEB08EF2CA5837200D38D6A /* Base */ = {isa = PBXFileReference; lastKnownFileType = file.storyboard; name = Base; path = Base.lproj/Main.storyboard; sourceTree = "<group>"; };
		6CEB08F12CA5837300D38D6A /* Assets.xcassets */ = {isa = PBXFileReference; lastKnownFileType = folder.assetcatalog; path = Assets.xcassets; sourceTree = "<group>"; };
		6CEB08F42CA5837300D38D6A /* Base */ = {isa = PBXFileReference; lastKnownFileType = file.storyboard; name = Base; path = Base.lproj/LaunchScreen.storyboard; sourceTree = "<group>"; };
		6CEB08F62CA5837300D38D6A /* Info.plist */ = {isa = PBXFileReference; lastKnownFileType = text.plist.xml; path = Info.plist; sourceTree = "<group>"; };
/* End PBXFileReference section */

/* Begin PBXFileSystemSynchronizedBuildFileExceptionSet section */
		6C40862C2D8816BE000AA94E /* PBXFileSystemSynchronizedBuildFileExceptionSet */ = {
			isa = PBXFileSystemSynchronizedBuildFileExceptionSet;
			publicHeaders = (
				VideoScrubber.h,
			);
			target = 6C4086232D8816BE000AA94E /* VideoScrubber */;
		};
/* End PBXFileSystemSynchronizedBuildFileExceptionSet section */

/* Begin PBXFileSystemSynchronizedRootGroup section */
		6C4086252D8816BE000AA94E /* VideoScrubber */ = {isa = PBXFileSystemSynchronizedRootGroup; exceptions = (6C40862C2D8816BE000AA94E /* PBXFileSystemSynchronizedBuildFileExceptionSet */, ); explicitFileTypes = {}; explicitFolders = (); path = VideoScrubber; sourceTree = "<group>"; };
		6C9F91C12D438F1D008140F8 /* VideoScrollerTests */ = {isa = PBXFileSystemSynchronizedRootGroup; explicitFileTypes = {}; explicitFolders = (); path = VideoScrollerTests; sourceTree = "<group>"; };
/* End PBXFileSystemSynchronizedRootGroup section */

/* Begin PBXFrameworksBuildPhase section */
		6C4086212D8816BE000AA94E /* Frameworks */ = {
			isa = PBXFrameworksBuildPhase;
			buildActionMask = 2147483647;
			files = (
			);
			runOnlyForDeploymentPostprocessing = 0;
		};
		6C9F91BD2D438F1D008140F8 /* Frameworks */ = {
			isa = PBXFrameworksBuildPhase;
			buildActionMask = 2147483647;
			files = (
				6C4086A72D958BA6000AA94E /* VideoScrubber.framework in Frameworks */,
			);
			runOnlyForDeploymentPostprocessing = 0;
		};
		6CEB08E22CA5837200D38D6A /* Frameworks */ = {
			isa = PBXFrameworksBuildPhase;
			buildActionMask = 2147483647;
			files = (
				6C40862A2D8816BE000AA94E /* VideoScrubber.framework in Frameworks */,
			);
			runOnlyForDeploymentPostprocessing = 0;
		};
/* End PBXFrameworksBuildPhase section */

/* Begin PBXGroup section */
		6C4086A62D958BA6000AA94E /* Frameworks */ = {
			isa = PBXGroup;
			children = (
			);
			name = Frameworks;
			sourceTree = "<group>";
		};
		6C4086AC2D9ABE05000AA94E /* Images */ = {
			isa = PBXGroup;
			children = (
				6C4086B12D9AE5E1000AA94E /* TrimMode.png */,
				6C4086AF2D9AE5DA000AA94E /* SeekMode.png */,
				6C4086B52D9AE76A000AA94E /* parts.png */,
			);
			path = Images;
			sourceTree = "<group>";
		};
		6CEB08DC2CA5837200D38D6A = {
			isa = PBXGroup;
			children = (
				6C4086AD2D9AC724000AA94E /* Readme.md */,
				6CEB08E72CA5837200D38D6A /* VideoScroller */,
				6C9F91C12D438F1D008140F8 /* VideoScrollerTests */,
				6C4086252D8816BE000AA94E /* VideoScrubber */,
				6C4086A62D958BA6000AA94E /* Frameworks */,
				6CEB08E62CA5837200D38D6A /* Products */,
			);
			sourceTree = "<group>";
		};
		6CEB08E62CA5837200D38D6A /* Products */ = {
			isa = PBXGroup;
			children = (
				6CEB08E52CA5837200D38D6A /* VideoScroller.app */,
				6C9F91C02D438F1D008140F8 /* VideoScrollerTests.xctest */,
				6C4086242D8816BE000AA94E /* VideoScrubber.framework */,
			);
			name = Products;
			sourceTree = "<group>";
		};
		6CEB08E72CA5837200D38D6A /* VideoScroller */ = {
			isa = PBXGroup;
			children = (
				6C4086AC2D9ABE05000AA94E /* Images */,
				6CEB08E82CA5837200D38D6A /* AppDelegate.swift */,
				6C5C1A102D3E3B3800E53049 /* vert2.mp4 */,
				6CEB08EA2CA5837200D38D6A /* SceneDelegate.swift */,
				6CEB08EC2CA5837200D38D6A /* ViewController.swift */,
				6CEB08EE2CA5837200D38D6A /* Main.storyboard */,
				6CEB08F12CA5837300D38D6A /* Assets.xcassets */,
				6CEB08F32CA5837300D38D6A /* LaunchScreen.storyboard */,
				6CEB08F62CA5837300D38D6A /* Info.plist */,
			);
			path = VideoScroller;
			sourceTree = "<group>";
		};
/* End PBXGroup section */

/* Begin PBXHeadersBuildPhase section */
		6C40861F2D8816BE000AA94E /* Headers */ = {
			isa = PBXHeadersBuildPhase;
			buildActionMask = 2147483647;
			files = (
			);
			runOnlyForDeploymentPostprocessing = 0;
		};
/* End PBXHeadersBuildPhase section */

/* Begin PBXNativeTarget section */
		6C4086232D8816BE000AA94E /* VideoScrubber */ = {
			isa = PBXNativeTarget;
			buildConfigurationList = 6C40862D2D8816BE000AA94E /* Build configuration list for PBXNativeTarget "VideoScrubber" */;
			buildPhases = (
				6C40861F2D8816BE000AA94E /* Headers */,
				6C4086202D8816BE000AA94E /* Sources */,
				6C4086212D8816BE000AA94E /* Frameworks */,
				6C4086222D8816BE000AA94E /* Resources */,
			);
			buildRules = (
			);
			dependencies = (
			);
			fileSystemSynchronizedGroups = (
				6C4086252D8816BE000AA94E /* VideoScrubber */,
			);
			name = VideoScrubber;
			packageProductDependencies = (
			);
			productName = VideoScrubber;
			productReference = 6C4086242D8816BE000AA94E /* VideoScrubber.framework */;
			productType = "com.apple.product-type.framework";
		};
		6C9F91BF2D438F1D008140F8 /* VideoScrollerTests */ = {
			isa = PBXNativeTarget;
			buildConfigurationList = 6C9F91C82D438F1D008140F8 /* Build configuration list for PBXNativeTarget "VideoScrollerTests" */;
			buildPhases = (
				6C9F91BC2D438F1D008140F8 /* Sources */,
				6C9F91BD2D438F1D008140F8 /* Frameworks */,
				6C9F91BE2D438F1D008140F8 /* Resources */,
				6C4086AB2D958BA6000AA94E /* Embed Frameworks */,
			);
			buildRules = (
			);
			dependencies = (
				6C9F91C52D438F1D008140F8 /* PBXTargetDependency */,
				6C4086AA2D958BA6000AA94E /* PBXTargetDependency */,
			);
			fileSystemSynchronizedGroups = (
				6C9F91C12D438F1D008140F8 /* VideoScrollerTests */,
			);
			name = VideoScrollerTests;
			packageProductDependencies = (
			);
			productName = VideoScrollerTests;
			productReference = 6C9F91C02D438F1D008140F8 /* VideoScrollerTests.xctest */;
			productType = "com.apple.product-type.bundle.unit-test";
		};
		6CEB08E42CA5837200D38D6A /* VideoScroller */ = {
			isa = PBXNativeTarget;
			buildConfigurationList = 6CEB08F92CA5837300D38D6A /* Build configuration list for PBXNativeTarget "VideoScroller" */;
			buildPhases = (
				6CEB08E12CA5837200D38D6A /* Sources */,
				6CEB08E22CA5837200D38D6A /* Frameworks */,
				6CEB08E32CA5837200D38D6A /* Resources */,
				6C4086302D8816BE000AA94E /* Embed Frameworks */,
			);
			buildRules = (
			);
			dependencies = (
				6C4086292D8816BE000AA94E /* PBXTargetDependency */,
			);
			name = VideoScroller;
			productName = VideoScroller;
			productReference = 6CEB08E52CA5837200D38D6A /* VideoScroller.app */;
			productType = "com.apple.product-type.application";
		};
/* End PBXNativeTarget section */

/* Begin PBXProject section */
		6CEB08DD2CA5837200D38D6A /* Project object */ = {
			isa = PBXProject;
			attributes = {
				BuildIndependentTargetsInParallel = 1;
				LastSwiftUpdateCheck = 1600;
				LastUpgradeCheck = 1500;
				TargetAttributes = {
					6C4086232D8816BE000AA94E = {
						CreatedOnToolsVersion = 16.0;
					};
					6C9F91BF2D438F1D008140F8 = {
						CreatedOnToolsVersion = 16.0;
						TestTargetID = 6CEB08E42CA5837200D38D6A;
					};
					6CEB08E42CA5837200D38D6A = {
						CreatedOnToolsVersion = 15.0;
					};
				};
			};
			buildConfigurationList = 6CEB08E02CA5837200D38D6A /* Build configuration list for PBXProject "VideoScroller" */;
			compatibilityVersion = "Xcode 14.0";
			developmentRegion = en;
			hasScannedForEncodings = 0;
			knownRegions = (
				en,
				Base,
			);
			mainGroup = 6CEB08DC2CA5837200D38D6A;
			productRefGroup = 6CEB08E62CA5837200D38D6A /* Products */;
			projectDirPath = "";
			projectRoot = "";
			targets = (
				6CEB08E42CA5837200D38D6A /* VideoScroller */,
				6C9F91BF2D438F1D008140F8 /* VideoScrollerTests */,
				6C4086232D8816BE000AA94E /* VideoScrubber */,
			);
		};
/* End PBXProject section */

/* Begin PBXResourcesBuildPhase section */
		6C4086222D8816BE000AA94E /* Resources */ = {
			isa = PBXResourcesBuildPhase;
			buildActionMask = 2147483647;
			files = (
			);
			runOnlyForDeploymentPostprocessing = 0;
		};
		6C9F91BE2D438F1D008140F8 /* Resources */ = {
			isa = PBXResourcesBuildPhase;
			buildActionMask = 2147483647;
			files = (
				6C4086AE2D9AC72E000AA94E /* Readme.md in Resources */,
			);
			runOnlyForDeploymentPostprocessing = 0;
		};
		6CEB08E32CA5837200D38D6A /* Resources */ = {
			isa = PBXResourcesBuildPhase;
			buildActionMask = 2147483647;
			files = (
				6C4086B22D9AE5E1000AA94E /* TrimMode.png in Resources */,
				6CEB08F52CA5837300D38D6A /* LaunchScreen.storyboard in Resources */,
				6C4086B62D9AE76A000AA94E /* parts.png in Resources */,
				6C5C1A112D3E3B3800E53049 /* vert2.mp4 in Resources */,
				6CEB08F22CA5837300D38D6A /* Assets.xcassets in Resources */,
				6C4086B02D9AE5DA000AA94E /* SeekMode.png in Resources */,
				6CEB08F02CA5837200D38D6A /* Main.storyboard in Resources */,
			);
			runOnlyForDeploymentPostprocessing = 0;
		};
/* End PBXResourcesBuildPhase section */

/* Begin PBXSourcesBuildPhase section */
		6C4086202D8816BE000AA94E /* Sources */ = {
			isa = PBXSourcesBuildPhase;
			buildActionMask = 2147483647;
			files = (
			);
			runOnlyForDeploymentPostprocessing = 0;
		};
		6C9F91BC2D438F1D008140F8 /* Sources */ = {
			isa = PBXSourcesBuildPhase;
			buildActionMask = 2147483647;
			files = (
			);
			runOnlyForDeploymentPostprocessing = 0;
		};
		6CEB08E12CA5837200D38D6A /* Sources */ = {
			isa = PBXSourcesBuildPhase;
			buildActionMask = 2147483647;
			files = (
				6CEB08ED2CA5837200D38D6A /* ViewController.swift in Sources */,
				6CEB08E92CA5837200D38D6A /* AppDelegate.swift in Sources */,
				6CEB08EB2CA5837200D38D6A /* SceneDelegate.swift in Sources */,
			);
			runOnlyForDeploymentPostprocessing = 0;
		};
/* End PBXSourcesBuildPhase section */

/* Begin PBXTargetDependency section */
		6C4086292D8816BE000AA94E /* PBXTargetDependency */ = {
			isa = PBXTargetDependency;
			target = 6C4086232D8816BE000AA94E /* VideoScrubber */;
			targetProxy = 6C4086282D8816BE000AA94E /* PBXContainerItemProxy */;
		};
		6C4086AA2D958BA6000AA94E /* PBXTargetDependency */ = {
			isa = PBXTargetDependency;
			target = 6C4086232D8816BE000AA94E /* VideoScrubber */;
			targetProxy = 6C4086A92D958BA6000AA94E /* PBXContainerItemProxy */;
		};
		6C9F91C52D438F1D008140F8 /* PBXTargetDependency */ = {
			isa = PBXTargetDependency;
			target = 6CEB08E42CA5837200D38D6A /* VideoScroller */;
			targetProxy = 6C9F91C42D438F1D008140F8 /* PBXContainerItemProxy */;
		};
/* End PBXTargetDependency section */

/* Begin PBXVariantGroup section */
		6CEB08EE2CA5837200D38D6A /* Main.storyboard */ = {
			isa = PBXVariantGroup;
			children = (
				6CEB08EF2CA5837200D38D6A /* Base */,
			);
			name = Main.storyboard;
			sourceTree = "<group>";
		};
		6CEB08F32CA5837300D38D6A /* LaunchScreen.storyboard */ = {
			isa = PBXVariantGroup;
			children = (
				6CEB08F42CA5837300D38D6A /* Base */,
			);
			name = LaunchScreen.storyboard;
			sourceTree = "<group>";
		};
/* End PBXVariantGroup section */

/* Begin XCBuildConfiguration section */
		6C40862E2D8816BE000AA94E /* Debug */ = {
			isa = XCBuildConfiguration;
			buildSettings = {
				BUILD_LIBRARY_FOR_DISTRIBUTION = YES;
				CODE_SIGN_STYLE = Automatic;
				CURRENT_PROJECT_VERSION = 1;
				DEFINES_MODULE = YES;
				DEVELOPMENT_TEAM = SYCHQP9H23;
				DYLIB_COMPATIBILITY_VERSION = 1;
				DYLIB_CURRENT_VERSION = 1;
				DYLIB_INSTALL_NAME_BASE = "@rpath";
				ENABLE_MODULE_VERIFIER = YES;
				GENERATE_INFOPLIST_FILE = YES;
				INFOPLIST_KEY_NSHumanReadableCopyright = "";
				INSTALL_PATH = "$(LOCAL_LIBRARY_DIR)/Frameworks";
				IPHONEOS_DEPLOYMENT_TARGET = 18.0;
				LD_RUNPATH_SEARCH_PATHS = (
					"$(inherited)",
					"@executable_path/Frameworks",
					"@loader_path/Frameworks",
				);
				MARKETING_VERSION = 1.0;
				MODULE_VERIFIER_SUPPORTED_LANGUAGES = "objective-c objective-c++";
				MODULE_VERIFIER_SUPPORTED_LANGUAGE_STANDARDS = "gnu17 gnu++20";
				PRODUCT_BUNDLE_IDENTIFIER = com.vsvt.VideoScrubber;
				PRODUCT_NAME = "$(TARGET_NAME:c99extidentifier)";
				SKIP_INSTALL = YES;
				SWIFT_EMIT_LOC_STRINGS = YES;
				SWIFT_INSTALL_OBJC_HEADER = NO;
				SWIFT_VERSION = 5.0;
				TARGETED_DEVICE_FAMILY = "1,2";
				VERSIONING_SYSTEM = "apple-generic";
				VERSION_INFO_PREFIX = "";
			};
			name = Debug;
		};
		6C40862F2D8816BE000AA94E /* Release */ = {
			isa = XCBuildConfiguration;
			buildSettings = {
				BUILD_LIBRARY_FOR_DISTRIBUTION = YES;
				CODE_SIGN_STYLE = Automatic;
				CURRENT_PROJECT_VERSION = 1;
				DEFINES_MODULE = YES;
				DEVELOPMENT_TEAM = SYCHQP9H23;
				DYLIB_COMPATIBILITY_VERSION = 1;
				DYLIB_CURRENT_VERSION = 1;
				DYLIB_INSTALL_NAME_BASE = "@rpath";
				ENABLE_MODULE_VERIFIER = YES;
				GENERATE_INFOPLIST_FILE = YES;
				INFOPLIST_KEY_NSHumanReadableCopyright = "";
				INSTALL_PATH = "$(LOCAL_LIBRARY_DIR)/Frameworks";
				IPHONEOS_DEPLOYMENT_TARGET = 18.0;
				LD_RUNPATH_SEARCH_PATHS = (
					"$(inherited)",
					"@executable_path/Frameworks",
					"@loader_path/Frameworks",
				);
				MARKETING_VERSION = 1.0;
				MODULE_VERIFIER_SUPPORTED_LANGUAGES = "objective-c objective-c++";
				MODULE_VERIFIER_SUPPORTED_LANGUAGE_STANDARDS = "gnu17 gnu++20";
				PRODUCT_BUNDLE_IDENTIFIER = com.vsvt.VideoScrubber;
				PRODUCT_NAME = "$(TARGET_NAME:c99extidentifier)";
				SKIP_INSTALL = YES;
				SWIFT_EMIT_LOC_STRINGS = YES;
				SWIFT_INSTALL_OBJC_HEADER = NO;
				SWIFT_VERSION = 5.0;
				TARGETED_DEVICE_FAMILY = "1,2";
				VERSIONING_SYSTEM = "apple-generic";
				VERSION_INFO_PREFIX = "";
			};
			name = Release;
		};
		6C9F91C62D438F1D008140F8 /* Debug */ = {
			isa = XCBuildConfiguration;
			buildSettings = {
				BUNDLE_LOADER = "$(TEST_HOST)";
				CODE_SIGN_STYLE = Automatic;
				CURRENT_PROJECT_VERSION = 1;
				DEVELOPMENT_TEAM = 6889AC8ZF3;
				GENERATE_INFOPLIST_FILE = YES;
				IPHONEOS_DEPLOYMENT_TARGET = 18.0;
				MARKETING_VERSION = 1.0;
				PRODUCT_BUNDLE_IDENTIFIER = com.vsvt.VideoScrollerTests;
				PRODUCT_NAME = "$(TARGET_NAME)";
				SWIFT_EMIT_LOC_STRINGS = NO;
				SWIFT_VERSION = 5.0;
				TARGETED_DEVICE_FAMILY = "1,2";
				TEST_HOST = "$(BUILT_PRODUCTS_DIR)/VideoScroller.app/$(BUNDLE_EXECUTABLE_FOLDER_PATH)/VideoScroller";
			};
			name = Debug;
		};
		6C9F91C72D438F1D008140F8 /* Release */ = {
			isa = XCBuildConfiguration;
			buildSettings = {
				BUNDLE_LOADER = "$(TEST_HOST)";
				CODE_SIGN_STYLE = Automatic;
				CURRENT_PROJECT_VERSION = 1;
				DEVELOPMENT_TEAM = 6889AC8ZF3;
				GENERATE_INFOPLIST_FILE = YES;
				IPHONEOS_DEPLOYMENT_TARGET = 18.0;
				MARKETING_VERSION = 1.0;
				PRODUCT_BUNDLE_IDENTIFIER = com.vsvt.VideoScrollerTests;
				PRODUCT_NAME = "$(TARGET_NAME)";
				SWIFT_EMIT_LOC_STRINGS = NO;
				SWIFT_VERSION = 5.0;
				TARGETED_DEVICE_FAMILY = "1,2";
				TEST_HOST = "$(BUILT_PRODUCTS_DIR)/VideoScroller.app/$(BUNDLE_EXECUTABLE_FOLDER_PATH)/VideoScroller";
			};
			name = Release;
		};
		6CEB08F72CA5837300D38D6A /* Debug */ = {
			isa = XCBuildConfiguration;
			buildSettings = {
				ALWAYS_SEARCH_USER_PATHS = NO;
				ASSETCATALOG_COMPILER_GENERATE_SWIFT_ASSET_SYMBOL_EXTENSIONS = YES;
				CLANG_ANALYZER_NONNULL = YES;
				CLANG_ANALYZER_NUMBER_OBJECT_CONVERSION = YES_AGGRESSIVE;
				CLANG_CXX_LANGUAGE_STANDARD = "gnu++20";
				CLANG_ENABLE_MODULES = YES;
				CLANG_ENABLE_OBJC_ARC = YES;
				CLANG_ENABLE_OBJC_WEAK = YES;
				CLANG_WARN_BLOCK_CAPTURE_AUTORELEASING = YES;
				CLANG_WARN_BOOL_CONVERSION = YES;
				CLANG_WARN_COMMA = YES;
				CLANG_WARN_CONSTANT_CONVERSION = YES;
				CLANG_WARN_DEPRECATED_OBJC_IMPLEMENTATIONS = YES;
				CLANG_WARN_DIRECT_OBJC_ISA_USAGE = YES_ERROR;
				CLANG_WARN_DOCUMENTATION_COMMENTS = YES;
				CLANG_WARN_EMPTY_BODY = YES;
				CLANG_WARN_ENUM_CONVERSION = YES;
				CLANG_WARN_INFINITE_RECURSION = YES;
				CLANG_WARN_INT_CONVERSION = YES;
				CLANG_WARN_NON_LITERAL_NULL_CONVERSION = YES;
				CLANG_WARN_OBJC_IMPLICIT_RETAIN_SELF = YES;
				CLANG_WARN_OBJC_LITERAL_CONVERSION = YES;
				CLANG_WARN_OBJC_ROOT_CLASS = YES_ERROR;
				CLANG_WARN_QUOTED_INCLUDE_IN_FRAMEWORK_HEADER = YES;
				CLANG_WARN_RANGE_LOOP_ANALYSIS = YES;
				CLANG_WARN_STRICT_PROTOTYPES = YES;
				CLANG_WARN_SUSPICIOUS_MOVE = YES;
				CLANG_WARN_UNGUARDED_AVAILABILITY = YES_AGGRESSIVE;
				CLANG_WARN_UNREACHABLE_CODE = YES;
				CLANG_WARN__DUPLICATE_METHOD_MATCH = YES;
				COPY_PHASE_STRIP = NO;
				DEBUG_INFORMATION_FORMAT = dwarf;
				ENABLE_STRICT_OBJC_MSGSEND = YES;
				ENABLE_TESTABILITY = YES;
				ENABLE_USER_SCRIPT_SANDBOXING = YES;
				GCC_C_LANGUAGE_STANDARD = gnu17;
				GCC_DYNAMIC_NO_PIC = NO;
				GCC_NO_COMMON_BLOCKS = YES;
				GCC_OPTIMIZATION_LEVEL = 0;
				GCC_PREPROCESSOR_DEFINITIONS = (
					"DEBUG=1",
					"$(inherited)",
				);
				GCC_WARN_64_TO_32_BIT_CONVERSION = YES;
				GCC_WARN_ABOUT_RETURN_TYPE = YES_ERROR;
				GCC_WARN_UNDECLARED_SELECTOR = YES;
				GCC_WARN_UNINITIALIZED_AUTOS = YES_AGGRESSIVE;
				GCC_WARN_UNUSED_FUNCTION = YES;
				GCC_WARN_UNUSED_VARIABLE = YES;
				IPHONEOS_DEPLOYMENT_TARGET = 17.0;
				LOCALIZATION_PREFERS_STRING_CATALOGS = YES;
				MTL_ENABLE_DEBUG_INFO = INCLUDE_SOURCE;
				MTL_FAST_MATH = YES;
				ONLY_ACTIVE_ARCH = YES;
				SDKROOT = iphoneos;
				SWIFT_ACTIVE_COMPILATION_CONDITIONS = "DEBUG $(inherited)";
				SWIFT_OPTIMIZATION_LEVEL = "-Onone";
			};
			name = Debug;
		};
		6CEB08F82CA5837300D38D6A /* Release */ = {
			isa = XCBuildConfiguration;
			buildSettings = {
				ALWAYS_SEARCH_USER_PATHS = NO;
				ASSETCATALOG_COMPILER_GENERATE_SWIFT_ASSET_SYMBOL_EXTENSIONS = YES;
				CLANG_ANALYZER_NONNULL = YES;
				CLANG_ANALYZER_NUMBER_OBJECT_CONVERSION = YES_AGGRESSIVE;
				CLANG_CXX_LANGUAGE_STANDARD = "gnu++20";
				CLANG_ENABLE_MODULES = YES;
				CLANG_ENABLE_OBJC_ARC = YES;
				CLANG_ENABLE_OBJC_WEAK = YES;
				CLANG_WARN_BLOCK_CAPTURE_AUTORELEASING = YES;
				CLANG_WARN_BOOL_CONVERSION = YES;
				CLANG_WARN_COMMA = YES;
				CLANG_WARN_CONSTANT_CONVERSION = YES;
				CLANG_WARN_DEPRECATED_OBJC_IMPLEMENTATIONS = YES;
				CLANG_WARN_DIRECT_OBJC_ISA_USAGE = YES_ERROR;
				CLANG_WARN_DOCUMENTATION_COMMENTS = YES;
				CLANG_WARN_EMPTY_BODY = YES;
				CLANG_WARN_ENUM_CONVERSION = YES;
				CLANG_WARN_INFINITE_RECURSION = YES;
				CLANG_WARN_INT_CONVERSION = YES;
				CLANG_WARN_NON_LITERAL_NULL_CONVERSION = YES;
				CLANG_WARN_OBJC_IMPLICIT_RETAIN_SELF = YES;
				CLANG_WARN_OBJC_LITERAL_CONVERSION = YES;
				CLANG_WARN_OBJC_ROOT_CLASS = YES_ERROR;
				CLANG_WARN_QUOTED_INCLUDE_IN_FRAMEWORK_HEADER = YES;
				CLANG_WARN_RANGE_LOOP_ANALYSIS = YES;
				CLANG_WARN_STRICT_PROTOTYPES = YES;
				CLANG_WARN_SUSPICIOUS_MOVE = YES;
				CLANG_WARN_UNGUARDED_AVAILABILITY = YES_AGGRESSIVE;
				CLANG_WARN_UNREACHABLE_CODE = YES;
				CLANG_WARN__DUPLICATE_METHOD_MATCH = YES;
				COPY_PHASE_STRIP = NO;
				DEBUG_INFORMATION_FORMAT = "dwarf-with-dsym";
				ENABLE_NS_ASSERTIONS = NO;
				ENABLE_STRICT_OBJC_MSGSEND = YES;
				ENABLE_USER_SCRIPT_SANDBOXING = YES;
				GCC_C_LANGUAGE_STANDARD = gnu17;
				GCC_NO_COMMON_BLOCKS = YES;
				GCC_WARN_64_TO_32_BIT_CONVERSION = YES;
				GCC_WARN_ABOUT_RETURN_TYPE = YES_ERROR;
				GCC_WARN_UNDECLARED_SELECTOR = YES;
				GCC_WARN_UNINITIALIZED_AUTOS = YES_AGGRESSIVE;
				GCC_WARN_UNUSED_FUNCTION = YES;
				GCC_WARN_UNUSED_VARIABLE = YES;
				IPHONEOS_DEPLOYMENT_TARGET = 17.0;
				LOCALIZATION_PREFERS_STRING_CATALOGS = YES;
				MTL_ENABLE_DEBUG_INFO = NO;
				MTL_FAST_MATH = YES;
				SDKROOT = iphoneos;
				SWIFT_COMPILATION_MODE = wholemodule;
				VALIDATE_PRODUCT = YES;
			};
			name = Release;
		};
		6CEB08FA2CA5837300D38D6A /* Debug */ = {
			isa = XCBuildConfiguration;
			buildSettings = {
				ASSETCATALOG_COMPILER_APPICON_NAME = AppIcon;
				ASSETCATALOG_COMPILER_GLOBAL_ACCENT_COLOR_NAME = AccentColor;
				CODE_SIGN_STYLE = Automatic;
				CURRENT_PROJECT_VERSION = 1;
				DEVELOPMENT_TEAM = SYCHQP9H23;
				GENERATE_INFOPLIST_FILE = YES;
				INFOPLIST_FILE = VideoScroller/Info.plist;
				INFOPLIST_KEY_UIApplicationSupportsIndirectInputEvents = YES;
				INFOPLIST_KEY_UILaunchStoryboardName = LaunchScreen;
				INFOPLIST_KEY_UIMainStoryboardFile = Main;
				INFOPLIST_KEY_UISupportedInterfaceOrientations_iPad = "UIInterfaceOrientationPortrait UIInterfaceOrientationPortraitUpsideDown UIInterfaceOrientationLandscapeLeft UIInterfaceOrientationLandscapeRight";
				INFOPLIST_KEY_UISupportedInterfaceOrientations_iPhone = "UIInterfaceOrientationPortrait UIInterfaceOrientationLandscapeLeft UIInterfaceOrientationLandscapeRight";
				IPHONEOS_DEPLOYMENT_TARGET = 15.6;
				LD_RUNPATH_SEARCH_PATHS = (
					"$(inherited)",
					"@executable_path/Frameworks",
				);
				MARKETING_VERSION = 1.0;
				PRODUCT_BUNDLE_IDENTIFIER = com.st.sdk.SampleApp;
				PRODUCT_NAME = "$(TARGET_NAME)";
				SWIFT_EMIT_LOC_STRINGS = YES;
				SWIFT_VERSION = 5.0;
				TARGETED_DEVICE_FAMILY = "1,2";
			};
			name = Debug;
		};
		6CEB08FB2CA5837300D38D6A /* Release */ = {
			isa = XCBuildConfiguration;
			buildSettings = {
				ASSETCATALOG_COMPILER_APPICON_NAME = AppIcon;
				ASSETCATALOG_COMPILER_GLOBAL_ACCENT_COLOR_NAME = AccentColor;
				CODE_SIGN_STYLE = Automatic;
				CURRENT_PROJECT_VERSION = 1;
				DEVELOPMENT_TEAM = SYCHQP9H23;
				GENERATE_INFOPLIST_FILE = YES;
				INFOPLIST_FILE = VideoScroller/Info.plist;
				INFOPLIST_KEY_UIApplicationSupportsIndirectInputEvents = YES;
				INFOPLIST_KEY_UILaunchStoryboardName = LaunchScreen;
				INFOPLIST_KEY_UIMainStoryboardFile = Main;
				INFOPLIST_KEY_UISupportedInterfaceOrientations_iPad = "UIInterfaceOrientationPortrait UIInterfaceOrientationPortraitUpsideDown UIInterfaceOrientationLandscapeLeft UIInterfaceOrientationLandscapeRight";
				INFOPLIST_KEY_UISupportedInterfaceOrientations_iPhone = "UIInterfaceOrientationPortrait UIInterfaceOrientationLandscapeLeft UIInterfaceOrientationLandscapeRight";
				IPHONEOS_DEPLOYMENT_TARGET = 15.6;
				LD_RUNPATH_SEARCH_PATHS = (
					"$(inherited)",
					"@executable_path/Frameworks",
				);
				MARKETING_VERSION = 1.0;
				PRODUCT_BUNDLE_IDENTIFIER = com.st.sdk.SampleApp;
				PRODUCT_NAME = "$(TARGET_NAME)";
				SWIFT_EMIT_LOC_STRINGS = YES;
				SWIFT_VERSION = 5.0;
				TARGETED_DEVICE_FAMILY = "1,2";
			};
			name = Release;
		};
/* End XCBuildConfiguration section */

/* Begin XCConfigurationList section */
		6C40862D2D8816BE000AA94E /* Build configuration list for PBXNativeTarget "VideoScrubber" */ = {
			isa = XCConfigurationList;
			buildConfigurations = (
				6C40862E2D8816BE000AA94E /* Debug */,
				6C40862F2D8816BE000AA94E /* Release */,
			);
			defaultConfigurationIsVisible = 0;
			defaultConfigurationName = Release;
		};
		6C9F91C82D438F1D008140F8 /* Build configuration list for PBXNativeTarget "VideoScrollerTests" */ = {
			isa = XCConfigurationList;
			buildConfigurations = (
				6C9F91C62D438F1D008140F8 /* Debug */,
				6C9F91C72D438F1D008140F8 /* Release */,
			);
			defaultConfigurationIsVisible = 0;
			defaultConfigurationName = Release;
		};
		6CEB08E02CA5837200D38D6A /* Build configuration list for PBXProject "VideoScroller" */ = {
			isa = XCConfigurationList;
			buildConfigurations = (
				6CEB08F72CA5837300D38D6A /* Debug */,
				6CEB08F82CA5837300D38D6A /* Release */,
			);
			defaultConfigurationIsVisible = 0;
			defaultConfigurationName = Release;
		};
		6CEB08F92CA5837300D38D6A /* Build configuration list for PBXNativeTarget "VideoScroller" */ = {
			isa = XCConfigurationList;
			buildConfigurations = (
				6CEB08FA2CA5837300D38D6A /* Debug */,
				6CEB08FB2CA5837300D38D6A /* Release */,
			);
			defaultConfigurationIsVisible = 0;
			defaultConfigurationName = Release;
		};
/* End XCConfigurationList section */
	};
	rootObject = 6CEB08DD2CA5837200D38D6A /* Project object */;
}
